// !$*UTF8*$!
{
	archiveVersion = 1;
	classes = {
	};
	objectVersion = 50;
	objects = {

/* Begin PBXBuildFile section */
		F6EE37B8214961AC008979A5 /* AppDelegate.swift in Sources */ = {isa = PBXBuildFile; fileRef = F6EE37B7214961AC008979A5 /* AppDelegate.swift */; };
		F6EE37BF214961AD008979A5 /* Assets.xcassets in Resources */ = {isa = PBXBuildFile; fileRef = F6EE37BE214961AD008979A5 /* Assets.xcassets */; };
		F6EE37CD214961AD008979A5 /* TWCinemaTests.swift in Sources */ = {isa = PBXBuildFile; fileRef = F6EE37CC214961AD008979A5 /* TWCinemaTests.swift */; };
		F6EE37D8214961AD008979A5 /* TWCinemaUITests.swift in Sources */ = {isa = PBXBuildFile; fileRef = F6EE37D7214961AD008979A5 /* TWCinemaUITests.swift */; };
		F6EE37ED21496346008979A5 /* MainViewController.swift in Sources */ = {isa = PBXBuildFile; fileRef = F6EE37EC21496346008979A5 /* MainViewController.swift */; };
/* End PBXBuildFile section */

/* Begin PBXContainerItemProxy section */
		F6EE37C9214961AD008979A5 /* PBXContainerItemProxy */ = {
			isa = PBXContainerItemProxy;
			containerPortal = F6EE37AC214961AB008979A5 /* Project object */;
			proxyType = 1;
			remoteGlobalIDString = F6EE37B3214961AC008979A5;
			remoteInfo = TWCinema;
		};
		F6EE37D4214961AD008979A5 /* PBXContainerItemProxy */ = {
			isa = PBXContainerItemProxy;
			containerPortal = F6EE37AC214961AB008979A5 /* Project object */;
			proxyType = 1;
			remoteGlobalIDString = F6EE37B3214961AC008979A5;
			remoteInfo = TWCinema;
		};
/* End PBXContainerItemProxy section */

/* Begin PBXFileReference section */
		F6EE37B4214961AC008979A5 /* TWCinema.app */ = {isa = PBXFileReference; explicitFileType = wrapper.application; includeInIndex = 0; path = TWCinema.app; sourceTree = BUILT_PRODUCTS_DIR; };
		F6EE37B7214961AC008979A5 /* AppDelegate.swift */ = {isa = PBXFileReference; lastKnownFileType = sourcecode.swift; path = AppDelegate.swift; sourceTree = "<group>"; };
		F6EE37BE214961AD008979A5 /* Assets.xcassets */ = {isa = PBXFileReference; lastKnownFileType = folder.assetcatalog; path = Assets.xcassets; sourceTree = "<group>"; };
		F6EE37C3214961AD008979A5 /* Info.plist */ = {isa = PBXFileReference; lastKnownFileType = text.plist.xml; path = Info.plist; sourceTree = "<group>"; };
		F6EE37C8214961AD008979A5 /* TWCinemaTests.xctest */ = {isa = PBXFileReference; explicitFileType = wrapper.cfbundle; includeInIndex = 0; path = TWCinemaTests.xctest; sourceTree = BUILT_PRODUCTS_DIR; };
		F6EE37CC214961AD008979A5 /* TWCinemaTests.swift */ = {isa = PBXFileReference; lastKnownFileType = sourcecode.swift; path = TWCinemaTests.swift; sourceTree = "<group>"; };
		F6EE37CE214961AD008979A5 /* Info.plist */ = {isa = PBXFileReference; lastKnownFileType = text.plist.xml; path = Info.plist; sourceTree = "<group>"; };
		F6EE37D3214961AD008979A5 /* TWCinemaUITests.xctest */ = {isa = PBXFileReference; explicitFileType = wrapper.cfbundle; includeInIndex = 0; path = TWCinemaUITests.xctest; sourceTree = BUILT_PRODUCTS_DIR; };
		F6EE37D7214961AD008979A5 /* TWCinemaUITests.swift */ = {isa = PBXFileReference; lastKnownFileType = sourcecode.swift; path = TWCinemaUITests.swift; sourceTree = "<group>"; };
		F6EE37D9214961AD008979A5 /* Info.plist */ = {isa = PBXFileReference; lastKnownFileType = text.plist.xml; path = Info.plist; sourceTree = "<group>"; };
		F6EE37EC21496346008979A5 /* MainViewController.swift */ = {isa = PBXFileReference; lastKnownFileType = sourcecode.swift; path = MainViewController.swift; sourceTree = "<group>"; };
/* End PBXFileReference section */

/* Begin PBXFrameworksBuildPhase section */
		F6EE37B1214961AC008979A5 /* Frameworks */ = {
			isa = PBXFrameworksBuildPhase;
			buildActionMask = 2147483647;
			files = (
			);
			runOnlyForDeploymentPostprocessing = 0;
		};
		F6EE37C5214961AD008979A5 /* Frameworks */ = {
			isa = PBXFrameworksBuildPhase;
			buildActionMask = 2147483647;
			files = (
			);
			runOnlyForDeploymentPostprocessing = 0;
		};
		F6EE37D0214961AD008979A5 /* Frameworks */ = {
			isa = PBXFrameworksBuildPhase;
			buildActionMask = 2147483647;
			files = (
			);
			runOnlyForDeploymentPostprocessing = 0;
		};
/* End PBXFrameworksBuildPhase section */

/* Begin PBXGroup section */
		F6EE37AB214961AB008979A5 = {
			isa = PBXGroup;
			children = (
				F6EE37B6214961AC008979A5 /* TWCinema */,
				F6EE37CB214961AD008979A5 /* TWCinemaTests */,
				F6EE37D6214961AD008979A5 /* TWCinemaUITests */,
				F6EE37B5214961AC008979A5 /* Products */,
			);
			sourceTree = "<group>";
		};
		F6EE37B5214961AC008979A5 /* Products */ = {
			isa = PBXGroup;
			children = (
				F6EE37B4214961AC008979A5 /* TWCinema.app */,
				F6EE37C8214961AD008979A5 /* TWCinemaTests.xctest */,
				F6EE37D3214961AD008979A5 /* TWCinemaUITests.xctest */,
			);
			name = Products;
			sourceTree = "<group>";
		};
		F6EE37B6214961AC008979A5 /* TWCinema */ = {
			isa = PBXGroup;
			children = (
				F6EE37E9214961EE008979A5 /* Infrastructure */,
				F6EE37EA2149622A008979A5 /* Resources */,
				F6EE37EB21496325008979A5 /* UI */,
			);
			path = TWCinema;
			sourceTree = "<group>";
		};
		F6EE37CB214961AD008979A5 /* TWCinemaTests */ = {
			isa = PBXGroup;
			children = (
				F6EE37CC214961AD008979A5 /* TWCinemaTests.swift */,
				F6EE37CE214961AD008979A5 /* Info.plist */,
			);
			path = TWCinemaTests;
			sourceTree = "<group>";
		};
		F6EE37D6214961AD008979A5 /* TWCinemaUITests */ = {
			isa = PBXGroup;
			children = (
				F6EE37D7214961AD008979A5 /* TWCinemaUITests.swift */,
				F6EE37D9214961AD008979A5 /* Info.plist */,
			);
			path = TWCinemaUITests;
			sourceTree = "<group>";
		};
		F6EE37E9214961EE008979A5 /* Infrastructure */ = {
			isa = PBXGroup;
			children = (
				F6EE37C3214961AD008979A5 /* Info.plist */,
				F6EE37B7214961AC008979A5 /* AppDelegate.swift */,
			);
			path = Infrastructure;
			sourceTree = "<group>";
		};
		F6EE37EA2149622A008979A5 /* Resources */ = {
			isa = PBXGroup;
			children = (
				F6EE37BE214961AD008979A5 /* Assets.xcassets */,
			);
			path = Resources;
			sourceTree = "<group>";
		};
		F6EE37EB21496325008979A5 /* UI */ = {
			isa = PBXGroup;
			children = (
				F6EE37EC21496346008979A5 /* MainViewController.swift */,
			);
			path = UI;
			sourceTree = "<group>";
		};
/* End PBXGroup section */

/* Begin PBXNativeTarget section */
		F6EE37B3214961AC008979A5 /* TWCinema */ = {
			isa = PBXNativeTarget;
			buildConfigurationList = F6EE37DC214961AD008979A5 /* Build configuration list for PBXNativeTarget "TWCinema" */;
			buildPhases = (
				F6EE37B0214961AC008979A5 /* Sources */,
				F6EE37B1214961AC008979A5 /* Frameworks */,
				F6EE37B2214961AC008979A5 /* Resources */,
			);
			buildRules = (
			);
			dependencies = (
			);
			name = TWCinema;
			productName = TWCinema;
			productReference = F6EE37B4214961AC008979A5 /* TWCinema.app */;
			productType = "com.apple.product-type.application";
		};
		F6EE37C7214961AD008979A5 /* TWCinemaTests */ = {
			isa = PBXNativeTarget;
			buildConfigurationList = F6EE37DF214961AD008979A5 /* Build configuration list for PBXNativeTarget "TWCinemaTests" */;
			buildPhases = (
				F6EE37C4214961AD008979A5 /* Sources */,
				F6EE37C5214961AD008979A5 /* Frameworks */,
				F6EE37C6214961AD008979A5 /* Resources */,
			);
			buildRules = (
			);
			dependencies = (
				F6EE37CA214961AD008979A5 /* PBXTargetDependency */,
			);
			name = TWCinemaTests;
			productName = TWCinemaTests;
			productReference = F6EE37C8214961AD008979A5 /* TWCinemaTests.xctest */;
			productType = "com.apple.product-type.bundle.unit-test";
		};
		F6EE37D2214961AD008979A5 /* TWCinemaUITests */ = {
			isa = PBXNativeTarget;
			buildConfigurationList = F6EE37E2214961AD008979A5 /* Build configuration list for PBXNativeTarget "TWCinemaUITests" */;
			buildPhases = (
				F6EE37CF214961AD008979A5 /* Sources */,
				F6EE37D0214961AD008979A5 /* Frameworks */,
				F6EE37D1214961AD008979A5 /* Resources */,
			);
			buildRules = (
			);
			dependencies = (
				F6EE37D5214961AD008979A5 /* PBXTargetDependency */,
			);
			name = TWCinemaUITests;
			productName = TWCinemaUITests;
			productReference = F6EE37D3214961AD008979A5 /* TWCinemaUITests.xctest */;
			productType = "com.apple.product-type.bundle.ui-testing";
		};
/* End PBXNativeTarget section */

/* Begin PBXProject section */
		F6EE37AC214961AB008979A5 /* Project object */ = {
			isa = PBXProject;
			attributes = {
				LastSwiftUpdateCheck = 0940;
				LastUpgradeCheck = 0940;
				ORGANIZATIONNAME = "Li Hao Lai";
				TargetAttributes = {
					F6EE37B3214961AC008979A5 = {
						CreatedOnToolsVersion = 9.4.1;
					};
					F6EE37C7214961AD008979A5 = {
						CreatedOnToolsVersion = 9.4.1;
						TestTargetID = F6EE37B3214961AC008979A5;
					};
					F6EE37D2214961AD008979A5 = {
						CreatedOnToolsVersion = 9.4.1;
						TestTargetID = F6EE37B3214961AC008979A5;
					};
				};
			};
			buildConfigurationList = F6EE37AF214961AB008979A5 /* Build configuration list for PBXProject "TWCinema" */;
			compatibilityVersion = "Xcode 9.3";
			developmentRegion = en;
			hasScannedForEncodings = 0;
			knownRegions = (
				en,
				Base,
			);
			mainGroup = F6EE37AB214961AB008979A5;
			productRefGroup = F6EE37B5214961AC008979A5 /* Products */;
			projectDirPath = "";
			projectRoot = "";
			targets = (
				F6EE37B3214961AC008979A5 /* TWCinema */,
				F6EE37C7214961AD008979A5 /* TWCinemaTests */,
				F6EE37D2214961AD008979A5 /* TWCinemaUITests */,
			);
		};
/* End PBXProject section */

/* Begin PBXResourcesBuildPhase section */
		F6EE37B2214961AC008979A5 /* Resources */ = {
			isa = PBXResourcesBuildPhase;
			buildActionMask = 2147483647;
			files = (
				F6EE37BF214961AD008979A5 /* Assets.xcassets in Resources */,
			);
			runOnlyForDeploymentPostprocessing = 0;
		};
		F6EE37C6214961AD008979A5 /* Resources */ = {
			isa = PBXResourcesBuildPhase;
			buildActionMask = 2147483647;
			files = (
			);
			runOnlyForDeploymentPostprocessing = 0;
		};
		F6EE37D1214961AD008979A5 /* Resources */ = {
			isa = PBXResourcesBuildPhase;
			buildActionMask = 2147483647;
			files = (
			);
			runOnlyForDeploymentPostprocessing = 0;
		};
/* End PBXResourcesBuildPhase section */

/* Begin PBXSourcesBuildPhase section */
		F6EE37B0214961AC008979A5 /* Sources */ = {
			isa = PBXSourcesBuildPhase;
			buildActionMask = 2147483647;
			files = (
				F6EE37B8214961AC008979A5 /* AppDelegate.swift in Sources */,
				F6EE37ED21496346008979A5 /* MainViewController.swift in Sources */,
			);
			runOnlyForDeploymentPostprocessing = 0;
		};
		F6EE37C4214961AD008979A5 /* Sources */ = {
			isa = PBXSourcesBuildPhase;
			buildActionMask = 2147483647;
			files = (
				F6EE37CD214961AD008979A5 /* TWCinemaTests.swift in Sources */,
			);
			runOnlyForDeploymentPostprocessing = 0;
		};
		F6EE37CF214961AD008979A5 /* Sources */ = {
			isa = PBXSourcesBuildPhase;
			buildActionMask = 2147483647;
			files = (
				F6EE37D8214961AD008979A5 /* TWCinemaUITests.swift in Sources */,
			);
			runOnlyForDeploymentPostprocessing = 0;
		};
/* End PBXSourcesBuildPhase section */

/* Begin PBXTargetDependency section */
		F6EE37CA214961AD008979A5 /* PBXTargetDependency */ = {
			isa = PBXTargetDependency;
			target = F6EE37B3214961AC008979A5 /* TWCinema */;
			targetProxy = F6EE37C9214961AD008979A5 /* PBXContainerItemProxy */;
		};
		F6EE37D5214961AD008979A5 /* PBXTargetDependency */ = {
			isa = PBXTargetDependency;
			target = F6EE37B3214961AC008979A5 /* TWCinema */;
			targetProxy = F6EE37D4214961AD008979A5 /* PBXContainerItemProxy */;
		};
/* End PBXTargetDependency section */

/* Begin XCBuildConfiguration section */
		F6EE37DA214961AD008979A5 /* Debug */ = {
			isa = XCBuildConfiguration;
			buildSettings = {
				ALWAYS_SEARCH_USER_PATHS = NO;
				CLANG_ANALYZER_NONNULL = YES;
				CLANG_ANALYZER_NUMBER_OBJECT_CONVERSION = YES_AGGRESSIVE;
				CLANG_CXX_LANGUAGE_STANDARD = "gnu++14";
				CLANG_CXX_LIBRARY = "libc++";
				CLANG_ENABLE_MODULES = YES;
				CLANG_ENABLE_OBJC_ARC = YES;
				CLANG_ENABLE_OBJC_WEAK = YES;
				CLANG_WARN_BLOCK_CAPTURE_AUTORELEASING = YES;
				CLANG_WARN_BOOL_CONVERSION = YES;
				CLANG_WARN_COMMA = YES;
				CLANG_WARN_CONSTANT_CONVERSION = YES;
				CLANG_WARN_DEPRECATED_OBJC_IMPLEMENTATIONS = YES;
				CLANG_WARN_DIRECT_OBJC_ISA_USAGE = YES_ERROR;
				CLANG_WARN_DOCUMENTATION_COMMENTS = YES;
				CLANG_WARN_EMPTY_BODY = YES;
				CLANG_WARN_ENUM_CONVERSION = YES;
				CLANG_WARN_INFINITE_RECURSION = YES;
				CLANG_WARN_INT_CONVERSION = YES;
				CLANG_WARN_NON_LITERAL_NULL_CONVERSION = YES;
				CLANG_WARN_OBJC_IMPLICIT_RETAIN_SELF = YES;
				CLANG_WARN_OBJC_LITERAL_CONVERSION = YES;
				CLANG_WARN_OBJC_ROOT_CLASS = YES_ERROR;
				CLANG_WARN_RANGE_LOOP_ANALYSIS = YES;
				CLANG_WARN_STRICT_PROTOTYPES = YES;
				CLANG_WARN_SUSPICIOUS_MOVE = YES;
				CLANG_WARN_UNGUARDED_AVAILABILITY = YES_AGGRESSIVE;
				CLANG_WARN_UNREACHABLE_CODE = YES;
				CLANG_WARN__DUPLICATE_METHOD_MATCH = YES;
				CODE_SIGN_IDENTITY = "iPhone Developer";
				COPY_PHASE_STRIP = NO;
				DEBUG_INFORMATION_FORMAT = dwarf;
				ENABLE_STRICT_OBJC_MSGSEND = YES;
				ENABLE_TESTABILITY = YES;
				GCC_C_LANGUAGE_STANDARD = gnu11;
				GCC_DYNAMIC_NO_PIC = NO;
				GCC_NO_COMMON_BLOCKS = YES;
				GCC_OPTIMIZATION_LEVEL = 0;
				GCC_PREPROCESSOR_DEFINITIONS = (
					"DEBUG=1",
					"$(inherited)",
				);
				GCC_WARN_64_TO_32_BIT_CONVERSION = YES;
				GCC_WARN_ABOUT_RETURN_TYPE = YES_ERROR;
				GCC_WARN_UNDECLARED_SELECTOR = YES;
				GCC_WARN_UNINITIALIZED_AUTOS = YES_AGGRESSIVE;
				GCC_WARN_UNUSED_FUNCTION = YES;
				GCC_WARN_UNUSED_VARIABLE = YES;
				IPHONEOS_DEPLOYMENT_TARGET = 11.4;
				MTL_ENABLE_DEBUG_INFO = YES;
				ONLY_ACTIVE_ARCH = YES;
				SDKROOT = iphoneos;
				SWIFT_ACTIVE_COMPILATION_CONDITIONS = DEBUG;
				SWIFT_OPTIMIZATION_LEVEL = "-Onone";
			};
			name = Debug;
		};
		F6EE37DB214961AD008979A5 /* Release */ = {
			isa = XCBuildConfiguration;
			buildSettings = {
				ALWAYS_SEARCH_USER_PATHS = NO;
				CLANG_ANALYZER_NONNULL = YES;
				CLANG_ANALYZER_NUMBER_OBJECT_CONVERSION = YES_AGGRESSIVE;
				CLANG_CXX_LANGUAGE_STANDARD = "gnu++14";
				CLANG_CXX_LIBRARY = "libc++";
				CLANG_ENABLE_MODULES = YES;
				CLANG_ENABLE_OBJC_ARC = YES;
				CLANG_ENABLE_OBJC_WEAK = YES;
				CLANG_WARN_BLOCK_CAPTURE_AUTORELEASING = YES;
				CLANG_WARN_BOOL_CONVERSION = YES;
				CLANG_WARN_COMMA = YES;
				CLANG_WARN_CONSTANT_CONVERSION = YES;
				CLANG_WARN_DEPRECATED_OBJC_IMPLEMENTATIONS = YES;
				CLANG_WARN_DIRECT_OBJC_ISA_USAGE = YES_ERROR;
				CLANG_WARN_DOCUMENTATION_COMMENTS = YES;
				CLANG_WARN_EMPTY_BODY = YES;
				CLANG_WARN_ENUM_CONVERSION = YES;
				CLANG_WARN_INFINITE_RECURSION = YES;
				CLANG_WARN_INT_CONVERSION = YES;
				CLANG_WARN_NON_LITERAL_NULL_CONVERSION = YES;
				CLANG_WARN_OBJC_IMPLICIT_RETAIN_SELF = YES;
				CLANG_WARN_OBJC_LITERAL_CONVERSION = YES;
				CLANG_WARN_OBJC_ROOT_CLASS = YES_ERROR;
				CLANG_WARN_RANGE_LOOP_ANALYSIS = YES;
				CLANG_WARN_STRICT_PROTOTYPES = YES;
				CLANG_WARN_SUSPICIOUS_MOVE = YES;
				CLANG_WARN_UNGUARDED_AVAILABILITY = YES_AGGRESSIVE;
				CLANG_WARN_UNREACHABLE_CODE = YES;
				CLANG_WARN__DUPLICATE_METHOD_MATCH = YES;
				CODE_SIGN_IDENTITY = "iPhone Developer";
				COPY_PHASE_STRIP = NO;
				DEBUG_INFORMATION_FORMAT = "dwarf-with-dsym";
				ENABLE_NS_ASSERTIONS = NO;
				ENABLE_STRICT_OBJC_MSGSEND = YES;
				GCC_C_LANGUAGE_STANDARD = gnu11;
				GCC_NO_COMMON_BLOCKS = YES;
				GCC_WARN_64_TO_32_BIT_CONVERSION = YES;
				GCC_WARN_ABOUT_RETURN_TYPE = YES_ERROR;
				GCC_WARN_UNDECLARED_SELECTOR = YES;
				GCC_WARN_UNINITIALIZED_AUTOS = YES_AGGRESSIVE;
				GCC_WARN_UNUSED_FUNCTION = YES;
				GCC_WARN_UNUSED_VARIABLE = YES;
				IPHONEOS_DEPLOYMENT_TARGET = 11.4;
				MTL_ENABLE_DEBUG_INFO = NO;
				SDKROOT = iphoneos;
				SWIFT_COMPILATION_MODE = wholemodule;
				SWIFT_OPTIMIZATION_LEVEL = "-O";
				VALIDATE_PRODUCT = YES;
			};
			name = Release;
		};
		F6EE37DD214961AD008979A5 /* Debug */ = {
			isa = XCBuildConfiguration;
			buildSettings = {
				ASSETCATALOG_COMPILER_APPICON_NAME = AppIcon;
				CODE_SIGN_STYLE = Automatic;
				INFOPLIST_FILE = "$(SRCROOT)/TWCinema/Infrastructure/Info.plist";
				LD_RUNPATH_SEARCH_PATHS = (
					"$(inherited)",
					"@executable_path/Frameworks",
				);
				PRODUCT_BUNDLE_IDENTIFIER = com.tw.TWCinema;
				PRODUCT_NAME = "$(TARGET_NAME)";
				SWIFT_VERSION = 4.0;
				TARGETED_DEVICE_FAMILY = "1,2";
			};
			name = Debug;
		};
		F6EE37DE214961AD008979A5 /* Release */ = {
			isa = XCBuildConfiguration;
			buildSettings = {
				ASSETCATALOG_COMPILER_APPICON_NAME = AppIcon;
				CODE_SIGN_STYLE = Automatic;
				INFOPLIST_FILE = "$(SRCROOT)/TWCinema/Infrastructure/Info.plist";
				LD_RUNPATH_SEARCH_PATHS = (
					"$(inherited)",
					"@executable_path/Frameworks",
				);
				PRODUCT_BUNDLE_IDENTIFIER = com.tw.TWCinema;
				PRODUCT_NAME = "$(TARGET_NAME)";
				SWIFT_VERSION = 4.0;
				TARGETED_DEVICE_FAMILY = "1,2";
			};
			name = Release;
		};
		F6EE37E0214961AD008979A5 /* Debug */ = {
			isa = XCBuildConfiguration;
			buildSettings = {
				ALWAYS_EMBED_SWIFT_STANDARD_LIBRARIES = YES;
				BUNDLE_LOADER = "$(TEST_HOST)";
				CODE_SIGN_STYLE = Automatic;
				INFOPLIST_FILE = TWCinemaTests/Info.plist;
				LD_RUNPATH_SEARCH_PATHS = (
					"$(inherited)",
					"@executable_path/Frameworks",
					"@loader_path/Frameworks",
				);
				PRODUCT_BUNDLE_IDENTIFIER = com.tw.TWCinemaTests;
				PRODUCT_NAME = "$(TARGET_NAME)";
				SWIFT_VERSION = 4.0;
				TARGETED_DEVICE_FAMILY = "1,2";
				TEST_HOST = "$(BUILT_PRODUCTS_DIR)/TWCinema.app/TWCinema";
			};
			name = Debug;
		};
		F6EE37E1214961AD008979A5 /* Release */ = {
			isa = XCBuildConfiguration;
			buildSettings = {
				ALWAYS_EMBED_SWIFT_STANDARD_LIBRARIES = YES;
				BUNDLE_LOADER = "$(TEST_HOST)";
				CODE_SIGN_STYLE = Automatic;
				INFOPLIST_FILE = TWCinemaTests/Info.plist;
				LD_RUNPATH_SEARCH_PATHS = (
					"$(inherited)",
					"@executable_path/Frameworks",
					"@loader_path/Frameworks",
				);
				PRODUCT_BUNDLE_IDENTIFIER = com.tw.TWCinemaTests;
				PRODUCT_NAME = "$(TARGET_NAME)";
				SWIFT_VERSION = 4.0;
				TARGETED_DEVICE_FAMILY = "1,2";
				TEST_HOST = "$(BUILT_PRODUCTS_DIR)/TWCinema.app/TWCinema";
			};
			name = Release;
		};
		F6EE37E3214961AD008979A5 /* Debug */ = {
			isa = XCBuildConfiguration;
			buildSettings = {
				ALWAYS_EMBED_SWIFT_STANDARD_LIBRARIES = YES;
				CODE_SIGN_STYLE = Automatic;
				INFOPLIST_FILE = TWCinemaUITests/Info.plist;
				LD_RUNPATH_SEARCH_PATHS = (
					"$(inherited)",
					"@executable_path/Frameworks",
					"@loader_path/Frameworks",
				);
				PRODUCT_BUNDLE_IDENTIFIER = com.tw.TWCinemaUITests;
				PRODUCT_NAME = "$(TARGET_NAME)";
				SWIFT_VERSION = 4.0;
				TARGETED_DEVICE_FAMILY = "1,2";
				TEST_TARGET_NAME = TWCinema;
			};
			name = Debug;
		};
		F6EE37E4214961AD008979A5 /* Release */ = {
			isa = XCBuildConfiguration;
			buildSettings = {
				ALWAYS_EMBED_SWIFT_STANDARD_LIBRARIES = YES;
				CODE_SIGN_STYLE = Automatic;
				INFOPLIST_FILE = TWCinemaUITests/Info.plist;
				LD_RUNPATH_SEARCH_PATHS = (
					"$(inherited)",
					"@executable_path/Frameworks",
					"@loader_path/Frameworks",
				);
				PRODUCT_BUNDLE_IDENTIFIER = com.tw.TWCinemaUITests;
				PRODUCT_NAME = "$(TARGET_NAME)";
				SWIFT_VERSION = 4.0;
				TARGETED_DEVICE_FAMILY = "1,2";
				TEST_TARGET_NAME = TWCinema;
			};
			name = Release;
		};
/* End XCBuildConfiguration section */

/* Begin XCConfigurationList section */
		F6EE37AF214961AB008979A5 /* Build configuration list for PBXProject "TWCinema" */ = {
			isa = XCConfigurationList;
			buildConfigurations = (
				F6EE37DA214961AD008979A5 /* Debug */,
				F6EE37DB214961AD008979A5 /* Release */,
			);
			defaultConfigurationIsVisible = 0;
			defaultConfigurationName = Release;
		};
		F6EE37DC214961AD008979A5 /* Build configuration list for PBXNativeTarget "TWCinema" */ = {
			isa = XCConfigurationList;
			buildConfigurations = (
				F6EE37DD214961AD008979A5 /* Debug */,
				F6EE37DE214961AD008979A5 /* Release */,
			);
			defaultConfigurationIsVisible = 0;
			defaultConfigurationName = Release;
		};
		F6EE37DF214961AD008979A5 /* Build configuration list for PBXNativeTarget "TWCinemaTests" */ = {
			isa = XCConfigurationList;
			buildConfigurations = (
				F6EE37E0214961AD008979A5 /* Debug */,
				F6EE37E1214961AD008979A5 /* Release */,
			);
			defaultConfigurationIsVisible = 0;
			defaultConfigurationName = Release;
		};
		F6EE37E2214961AD008979A5 /* Build configuration list for PBXNativeTarget "TWCinemaUITests" */ = {
			isa = XCConfigurationList;
			buildConfigurations = (
				F6EE37E3214961AD008979A5 /* Debug */,
				F6EE37E4214961AD008979A5 /* Release */,
			);
			defaultConfigurationIsVisible = 0;
			defaultConfigurationName = Release;
		};
/* End XCConfigurationList section */
	};
	rootObject = F6EE37AC214961AB008979A5 /* Project object */;
}
